// !$*UTF8*$!
{
	archiveVersion = 1;
	classes = {
	};
	objectVersion = 46;
	objects = {

/* Begin PBXBuildFile section */
		C999DF331A1160D100A13753 /* main.m in Sources */ = {isa = PBXBuildFile; fileRef = C999DF321A1160D100A13753 /* main.m */; };
		C999DF361A1160D100A13753 /* AppDelegate.m in Sources */ = {isa = PBXBuildFile; fileRef = C999DF351A1160D100A13753 /* AppDelegate.m */; };
		C999DF391A1160D100A13753 /* ViewController.m in Sources */ = {isa = PBXBuildFile; fileRef = C999DF381A1160D100A13753 /* ViewController.m */; };
		C999DF3C1A1160D100A13753 /* Main.storyboard in Resources */ = {isa = PBXBuildFile; fileRef = C999DF3A1A1160D100A13753 /* Main.storyboard */; };
		C999DF3E1A1160D100A13753 /* Images.xcassets in Resources */ = {isa = PBXBuildFile; fileRef = C999DF3D1A1160D100A13753 /* Images.xcassets */; };
		C999DF411A1160D100A13753 /* LaunchScreen.xib in Resources */ = {isa = PBXBuildFile; fileRef = C999DF3F1A1160D100A13753 /* LaunchScreen.xib */; };
		C999DF4D1A1160D100A13753 /* openInMapsExTests.m in Sources */ = {isa = PBXBuildFile; fileRef = C999DF4C1A1160D100A13753 /* openInMapsExTests.m */; };
/* End PBXBuildFile section */

/* Begin PBXContainerItemProxy section */
		C999DF471A1160D100A13753 /* PBXContainerItemProxy */ = {
			isa = PBXContainerItemProxy;
			containerPortal = C999DF251A1160D100A13753 /* Project object */;
			proxyType = 1;
			remoteGlobalIDString = C999DF2C1A1160D100A13753;
			remoteInfo = openInMapsEx;
		};
/* End PBXContainerItemProxy section */

/* Begin PBXFileReference section */
		C999DF2D1A1160D100A13753 /* openInMapsEx.app */ = {isa = PBXFileReference; explicitFileType = wrapper.application; includeInIndex = 0; path = openInMapsEx.app; sourceTree = BUILT_PRODUCTS_DIR; };
		C999DF311A1160D100A13753 /* Info.plist */ = {isa = PBXFileReference; lastKnownFileType = text.plist.xml; path = Info.plist; sourceTree = "<group>"; };
		C999DF321A1160D100A13753 /* main.m */ = {isa = PBXFileReference; lastKnownFileType = sourcecode.c.objc; path = main.m; sourceTree = "<group>"; };
		C999DF341A1160D100A13753 /* AppDelegate.h */ = {isa = PBXFileReference; lastKnownFileType = sourcecode.c.h; path = AppDelegate.h; sourceTree = "<group>"; };
		C999DF351A1160D100A13753 /* AppDelegate.m */ = {isa = PBXFileReference; lastKnownFileType = sourcecode.c.objc; path = AppDelegate.m; sourceTree = "<group>"; };
		C999DF371A1160D100A13753 /* ViewController.h */ = {isa = PBXFileReference; lastKnownFileType = sourcecode.c.h; path = ViewController.h; sourceTree = "<group>"; };
		C999DF381A1160D100A13753 /* ViewController.m */ = {isa = PBXFileReference; lastKnownFileType = sourcecode.c.objc; path = ViewController.m; sourceTree = "<group>"; };
		C999DF3B1A1160D100A13753 /* Base */ = {isa = PBXFileReference; lastKnownFileType = file.storyboard; name = Base; path = Base.lproj/Main.storyboard; sourceTree = "<group>"; };
		C999DF3D1A1160D100A13753 /* Images.xcassets */ = {isa = PBXFileReference; lastKnownFileType = folder.assetcatalog; path = Images.xcassets; sourceTree = "<group>"; };
		C999DF401A1160D100A13753 /* Base */ = {isa = PBXFileReference; lastKnownFileType = file.xib; name = Base; path = Base.lproj/LaunchScreen.xib; sourceTree = "<group>"; };
		C999DF461A1160D100A13753 /* openInMapsExTests.xctest */ = {isa = PBXFileReference; explicitFileType = wrapper.cfbundle; includeInIndex = 0; path = openInMapsExTests.xctest; sourceTree = BUILT_PRODUCTS_DIR; };
		C999DF4B1A1160D100A13753 /* Info.plist */ = {isa = PBXFileReference; lastKnownFileType = text.plist.xml; path = Info.plist; sourceTree = "<group>"; };
		C999DF4C1A1160D100A13753 /* openInMapsExTests.m */ = {isa = PBXFileReference; lastKnownFileType = sourcecode.c.objc; path = openInMapsExTests.m; sourceTree = "<group>"; };
/* End PBXFileReference section */

/* Begin PBXFrameworksBuildPhase section */
		C999DF2A1A1160D100A13753 /* Frameworks */ = {
			isa = PBXFrameworksBuildPhase;
			buildActionMask = 2147483647;
			files = (
			);
			runOnlyForDeploymentPostprocessing = 0;
		};
		C999DF431A1160D100A13753 /* Frameworks */ = {
			isa = PBXFrameworksBuildPhase;
			buildActionMask = 2147483647;
			files = (
			);
			runOnlyForDeploymentPostprocessing = 0;
		};
/* End PBXFrameworksBuildPhase section */

/* Begin PBXGroup section */
		C999DF241A1160D100A13753 = {
			isa = PBXGroup;
			children = (
				C999DF2F1A1160D100A13753 /* openInMapsEx */,
				C999DF491A1160D100A13753 /* openInMapsExTests */,
				C999DF2E1A1160D100A13753 /* Products */,
			);
			sourceTree = "<group>";
		};
		C999DF2E1A1160D100A13753 /* Products */ = {
			isa = PBXGroup;
			children = (
				C999DF2D1A1160D100A13753 /* openInMapsEx.app */,
				C999DF461A1160D100A13753 /* openInMapsExTests.xctest */,
			);
			name = Products;
			sourceTree = "<group>";
		};
		C999DF2F1A1160D100A13753 /* openInMapsEx */ = {
			isa = PBXGroup;
			children = (
				C999DF341A1160D100A13753 /* AppDelegate.h */,
				C999DF351A1160D100A13753 /* AppDelegate.m */,
				C999DF371A1160D100A13753 /* ViewController.h */,
				C999DF381A1160D100A13753 /* ViewController.m */,
				C999DF3A1A1160D100A13753 /* Main.storyboard */,
				C999DF3D1A1160D100A13753 /* Images.xcassets */,
				C999DF3F1A1160D100A13753 /* LaunchScreen.xib */,
				C999DF301A1160D100A13753 /* Supporting Files */,
			);
			path = openInMapsEx;
			sourceTree = "<group>";
		};
		C999DF301A1160D100A13753 /* Supporting Files */ = {
			isa = PBXGroup;
			children = (
				C999DF311A1160D100A13753 /* Info.plist */,
				C999DF321A1160D100A13753 /* main.m */,
			);
			name = "Supporting Files";
			sourceTree = "<group>";
		};
		C999DF491A1160D100A13753 /* openInMapsExTests */ = {
			isa = PBXGroup;
			children = (
				C999DF4C1A1160D100A13753 /* openInMapsExTests.m */,
				C999DF4A1A1160D100A13753 /* Supporting Files */,
			);
			path = openInMapsExTests;
			sourceTree = "<group>";
		};
		C999DF4A1A1160D100A13753 /* Supporting Files */ = {
			isa = PBXGroup;
			children = (
				C999DF4B1A1160D100A13753 /* Info.plist */,
			);
			name = "Supporting Files";
			sourceTree = "<group>";
		};
/* End PBXGroup section */

/* Begin PBXNativeTarget section */
		C999DF2C1A1160D100A13753 /* openInMapsEx */ = {
			isa = PBXNativeTarget;
			buildConfigurationList = C999DF501A1160D100A13753 /* Build configuration list for PBXNativeTarget "openInMapsEx" */;
			buildPhases = (
				C999DF291A1160D100A13753 /* Sources */,
				C999DF2A1A1160D100A13753 /* Frameworks */,
				C999DF2B1A1160D100A13753 /* Resources */,
			);
			buildRules = (
			);
			dependencies = (
			);
			name = openInMapsEx;
			productName = openInMapsEx;
			productReference = C999DF2D1A1160D100A13753 /* openInMapsEx.app */;
			productType = "com.apple.product-type.application";
		};
		C999DF451A1160D100A13753 /* openInMapsExTests */ = {
			isa = PBXNativeTarget;
			buildConfigurationList = C999DF531A1160D100A13753 /* Build configuration list for PBXNativeTarget "openInMapsExTests" */;
			buildPhases = (
				C999DF421A1160D100A13753 /* Sources */,
				C999DF431A1160D100A13753 /* Frameworks */,
				C999DF441A1160D100A13753 /* Resources */,
			);
			buildRules = (
			);
			dependencies = (
				C999DF481A1160D100A13753 /* PBXTargetDependency */,
			);
			name = openInMapsExTests;
			productName = openInMapsExTests;
			productReference = C999DF461A1160D100A13753 /* openInMapsExTests.xctest */;
			productType = "com.apple.product-type.bundle.unit-test";
		};
/* End PBXNativeTarget section */

/* Begin PBXProject section */
		C999DF251A1160D100A13753 /* Project object */ = {
			isa = PBXProject;
			attributes = {
				LastUpgradeCheck = 0610;
				ORGANIZATIONNAME = "Matthew Loseke";
				TargetAttributes = {
					C999DF2C1A1160D100A13753 = {
						CreatedOnToolsVersion = 6.1;
					};
					C999DF451A1160D100A13753 = {
						CreatedOnToolsVersion = 6.1;
						TestTargetID = C999DF2C1A1160D100A13753;
					};
				};
			};
			buildConfigurationList = C999DF281A1160D100A13753 /* Build configuration list for PBXProject "openInMapsEx" */;
			compatibilityVersion = "Xcode 3.2";
			developmentRegion = English;
			hasScannedForEncodings = 0;
			knownRegions = (
				en,
				Base,
			);
			mainGroup = C999DF241A1160D100A13753;
			productRefGroup = C999DF2E1A1160D100A13753 /* Products */;
			projectDirPath = "";
			projectRoot = "";
			targets = (
				C999DF2C1A1160D100A13753 /* openInMapsEx */,
				C999DF451A1160D100A13753 /* openInMapsExTests */,
			);
		};
/* End PBXProject section */

/* Begin PBXResourcesBuildPhase section */
		C999DF2B1A1160D100A13753 /* Resources */ = {
			isa = PBXResourcesBuildPhase;
			buildActionMask = 2147483647;
			files = (
				C999DF3C1A1160D100A13753 /* Main.storyboard in Resources */,
				C999DF411A1160D100A13753 /* LaunchScreen.xib in Resources */,
				C999DF3E1A1160D100A13753 /* Images.xcassets in Resources */,
			);
			runOnlyForDeploymentPostprocessing = 0;
		};
		C999DF441A1160D100A13753 /* Resources */ = {
			isa = PBXResourcesBuildPhase;
			buildActionMask = 2147483647;
			files = (
			);
			runOnlyForDeploymentPostprocessing = 0;
		};
/* End PBXResourcesBuildPhase section */

/* Begin PBXSourcesBuildPhase section */
		C999DF291A1160D100A13753 /* Sources */ = {
			isa = PBXSourcesBuildPhase;
			buildActionMask = 2147483647;
			files = (
				C999DF391A1160D100A13753 /* ViewController.m in Sources */,
				C999DF361A1160D100A13753 /* AppDelegate.m in Sources */,
				C999DF331A1160D100A13753 /* main.m in Sources */,
			);
			runOnlyForDeploymentPostprocessing = 0;
		};
		C999DF421A1160D100A13753 /* Sources */ = {
			isa = PBXSourcesBuildPhase;
			buildActionMask = 2147483647;
			files = (
				C999DF4D1A1160D100A13753 /* openInMapsExTests.m in Sources */,
			);
			runOnlyForDeploymentPostprocessing = 0;
		};
/* End PBXSourcesBuildPhase section */

/* Begin PBXTargetDependency section */
		C999DF481A1160D100A13753 /* PBXTargetDependency */ = {
			isa = PBXTargetDependency;
			target = C999DF2C1A1160D100A13753 /* openInMapsEx */;
			targetProxy = C999DF471A1160D100A13753 /* PBXContainerItemProxy */;
		};
/* End PBXTargetDependency section */

/* Begin PBXVariantGroup section */
		C999DF3A1A1160D100A13753 /* Main.storyboard */ = {
			isa = PBXVariantGroup;
			children = (
				C999DF3B1A1160D100A13753 /* Base */,
			);
			name = Main.storyboard;
			sourceTree = "<group>";
		};
		C999DF3F1A1160D100A13753 /* LaunchScreen.xib */ = {
			isa = PBXVariantGroup;
			children = (
				C999DF401A1160D100A13753 /* Base */,
			);
			name = LaunchScreen.xib;
			sourceTree = "<group>";
		};
/* End PBXVariantGroup section */

/* Begin XCBuildConfiguration section */
		C999DF4E1A1160D100A13753 /* Debug */ = {
			isa = XCBuildConfiguration;
			buildSettings = {
				ALWAYS_SEARCH_USER_PATHS = NO;
				CLANG_CXX_LANGUAGE_STANDARD = "gnu++0x";
				CLANG_CXX_LIBRARY = "libc++";
				CLANG_ENABLE_MODULES = YES;
				CLANG_ENABLE_OBJC_ARC = YES;
				CLANG_WARN_BOOL_CONVERSION = YES;
				CLANG_WARN_CONSTANT_CONVERSION = YES;
				CLANG_WARN_DIRECT_OBJC_ISA_USAGE = YES_ERROR;
				CLANG_WARN_EMPTY_BODY = YES;
				CLANG_WARN_ENUM_CONVERSION = YES;
				CLANG_WARN_INT_CONVERSION = YES;
				CLANG_WARN_OBJC_ROOT_CLASS = YES_ERROR;
				CLANG_WARN_UNREACHABLE_CODE = YES;
				CLANG_WARN__DUPLICATE_METHOD_MATCH = YES;
				"CODE_SIGN_IDENTITY[sdk=iphoneos*]" = "iPhone Developer";
				COPY_PHASE_STRIP = NO;
				ENABLE_STRICT_OBJC_MSGSEND = YES;
				GCC_C_LANGUAGE_STANDARD = gnu99;
				GCC_DYNAMIC_NO_PIC = NO;
				GCC_OPTIMIZATION_LEVEL = 0;
				GCC_PREPROCESSOR_DEFINITIONS = (
					"DEBUG=1",
					"$(inherited)",
				);
				GCC_SYMBOLS_PRIVATE_EXTERN = NO;
				GCC_WARN_64_TO_32_BIT_CONVERSION = YES;
				GCC_WARN_ABOUT_RETURN_TYPE = YES_ERROR;
				GCC_WARN_UNDECLARED_SELECTOR = YES;
				GCC_WARN_UNINITIALIZED_AUTOS = YES_AGGRESSIVE;
				GCC_WARN_UNUSED_FUNCTION = YES;
				GCC_WARN_UNUSED_VARIABLE = YES;
				IPHONEOS_DEPLOYMENT_TARGET = 8.1;
				MTL_ENABLE_DEBUG_INFO = YES;
				ONLY_ACTIVE_ARCH = YES;
				SDKROOT = iphoneos;
			};
			name = Debug;
		};
		C999DF4F1A1160D100A13753 /* Release */ = {
			isa = XCBuildConfiguration;
			buildSettings = {
				ALWAYS_SEARCH_USER_PATHS = NO;
				CLANG_CXX_LANGUAGE_STANDARD = "gnu++0x";
				CLANG_CXX_LIBRARY = "libc++";
				CLANG_ENABLE_MODULES = YES;
				CLANG_ENABLE_OBJC_ARC = YES;
				CLANG_WARN_BOOL_CONVERSION = YES;
				CLANG_WARN_CONSTANT_CONVERSION = YES;
				CLANG_WARN_DIRECT_OBJC_ISA_USAGE = YES_ERROR;
				CLANG_WARN_EMPTY_BODY = YES;
				CLANG_WARN_ENUM_CONVERSION = YES;
				CLANG_WARN_INT_CONVERSION = YES;
				CLANG_WARN_OBJC_ROOT_CLASS = YES_ERROR;
				CLANG_WARN_UNREACHABLE_CODE = YES;
				CLANG_WARN__DUPLICATE_METHOD_MATCH = YES;
				"CODE_SIGN_IDENTITY[sdk=iphoneos*]" = "iPhone Developer";
				COPY_PHASE_STRIP = YES;
				ENABLE_NS_ASSERTIONS = NO;
				ENABLE_STRICT_OBJC_MSGSEND = YES;
				GCC_C_LANGUAGE_STANDARD = gnu99;
				GCC_WARN_64_TO_32_BIT_CONVERSION = YES;
				GCC_WARN_ABOUT_RETURN_TYPE = YES_ERROR;
				GCC_WARN_UNDECLARED_SELECTOR = YES;
				GCC_WARN_UNINITIALIZED_AUTOS = YES_AGGRESSIVE;
				GCC_WARN_UNUSED_FUNCTION = YES;
				GCC_WARN_UNUSED_VARIABLE = YES;
				IPHONEOS_DEPLOYMENT_TARGET = 8.1;
				MTL_ENABLE_DEBUG_INFO = NO;
				SDKROOT = iphoneos;
				VALIDATE_PRODUCT = YES;
			};
			name = Release;
		};
		C999DF511A1160D100A13753 /* Debug */ = {
			isa = XCBuildConfiguration;
			buildSettings = {
				ASSETCATALOG_COMPILER_APPICON_NAME = AppIcon;
				INFOPLIST_FILE = openInMapsEx/Info.plist;
				LD_RUNPATH_SEARCH_PATHS = "$(inherited) @executable_path/Frameworks";
				PRODUCT_NAME = "$(TARGET_NAME)";
			};
			name = Debug;
		};
		C999DF521A1160D100A13753 /* Release */ = {
			isa = XCBuildConfiguration;
			buildSettings = {
				ASSETCATALOG_COMPILER_APPICON_NAME = AppIcon;
				INFOPLIST_FILE = openInMapsEx/Info.plist;
				LD_RUNPATH_SEARCH_PATHS = "$(inherited) @executable_path/Frameworks";
				PRODUCT_NAME = "$(TARGET_NAME)";
			};
			name = Release;
		};
		C999DF541A1160D100A13753 /* Debug */ = {
			isa = XCBuildConfiguration;
			buildSettings = {
				BUNDLE_LOADER = "$(TEST_HOST)";
				FRAMEWORK_SEARCH_PATHS = (
					"$(SDKROOT)/Developer/Library/Frameworks",
					"$(inherited)",
				);
				GCC_PREPROCESSOR_DEFINITIONS = (
					"DEBUG=1",
					"$(inherited)",
				);
				INFOPLIST_FILE = openInMapsExTests/Info.plist;
				LD_RUNPATH_SEARCH_PATHS = "$(inherited) @executable_path/Frameworks @loader_path/Frameworks";
				PRODUCT_NAME = "$(TARGET_NAME)";
				TEST_HOST = "$(BUILT_PRODUCTS_DIR)/openInMapsEx.app/openInMapsEx";
			};
			name = Debug;
		};
		C999DF551A1160D100A13753 /* Release */ = {
			isa = XCBuildConfiguration;
			buildSettings = {
				BUNDLE_LOADER = "$(TEST_HOST)";
				FRAMEWORK_SEARCH_PATHS = (
					"$(SDKROOT)/Developer/Library/Frameworks",
					"$(inherited)",
				);
				INFOPLIST_FILE = openInMapsExTests/Info.plist;
				LD_RUNPATH_SEARCH_PATHS = "$(inherited) @executable_path/Frameworks @loader_path/Frameworks";
				PRODUCT_NAME = "$(TARGET_NAME)";
				TEST_HOST = "$(BUILT_PRODUCTS_DIR)/openInMapsEx.app/openInMapsEx";
			};
			name = Release;
		};
/* End XCBuildConfiguration section */

/* Begin XCConfigurationList section */
		C999DF281A1160D100A13753 /* Build configuration list for PBXProject "openInMapsEx" */ = {
			isa = XCConfigurationList;
			buildConfigurations = (
				C999DF4E1A1160D100A13753 /* Debug */,
				C999DF4F1A1160D100A13753 /* Release */,
			);
			defaultConfigurationIsVisible = 0;
			defaultConfigurationName = Release;
		};
		C999DF501A1160D100A13753 /* Build configuration list for PBXNativeTarget "openInMapsEx" */ = {
			isa = XCConfigurationList;
			buildConfigurations = (
				C999DF511A1160D100A13753 /* Debug */,
				C999DF521A1160D100A13753 /* Release */,
			);
			defaultConfigurationIsVisible = 0;
		};
		C999DF531A1160D100A13753 /* Build configuration list for PBXNativeTarget "openInMapsExTests" */ = {
			isa = XCConfigurationList;
			buildConfigurations = (
				C999DF541A1160D100A13753 /* Debug */,
				C999DF551A1160D100A13753 /* Release */,
			);
			defaultConfigurationIsVisible = 0;
		};
/* End XCConfigurationList section */
	};
	rootObject = C999DF251A1160D100A13753 /* Project object */;
}
